# This file is generated by running "yarn install" inside your project.
# Manual changes might be lost - proceed with caution!

__metadata:
  version: 6
  cacheKey: 8

"google-protobuf@npm:^3.9.0-rc.1":
  version: 3.21.2
  resolution: "google-protobuf@npm:3.21.2"
  checksum: 3caa2e1e2654714cc1a201ac5e5faabcaa48f5fba3d8ff9b64ca66fe19e4e0506b94053f32eddc77bf3a7a47ac1660315c6744185c1e2bb27654fd76fe91b988
  languageName: node
  linkType: hard

"grpc-web@npm:1.2.1":
  version: 1.2.1
  resolution: "grpc-web@npm:1.2.1"
  checksum: 3860a3761793ccff10db513126957acf2794bcdb0fb82fc20fc4ffbc16e25b9742500d966acc88fbb258bf1d88ef7a4014189287bffbc79177560d7d83eadec1
  languageName: node
  linkType: hard

"remotivelabs-grpc-web-stubs@workspace:.":
  version: 0.0.0-use.local
  resolution: "remotivelabs-grpc-web-stubs@workspace:."
  dependencies:
    google-protobuf: ^3.9.0-rc.1
    grpc-web: 1.2.1
    typescript: ~4.9.5
    yarn: ^1.22.19
  languageName: unknown
  linkType: soft

"typescript@npm:~4.9.5":
  version: 4.9.5
  resolution: "typescript@npm:4.9.5"
  bin:
    tsc: bin/tsc
    tsserver: bin/tsserver
  checksum: ee000bc26848147ad423b581bd250075662a354d84f0e06eb76d3b892328d8d4440b7487b5a83e851b12b255f55d71835b008a66cbf8f255a11e4400159237db
  languageName: node
  linkType: hard

"typescript@patch:typescript@~4.9.5#~builtin<compat/typescript>":
  version: 4.9.5
  resolution: "typescript@patch:typescript@npm%3A4.9.5#~builtin<compat/typescript>::version=4.9.5&hash=289587"
  bin:
    tsc: bin/tsc
    tsserver: bin/tsserver
  checksum: 1f8f3b6aaea19f0f67cba79057674ba580438a7db55057eb89cc06950483c5d632115c14077f6663ea76fd09fce3c190e6414bb98582ec80aa5a4eaf345d5b68
  languageName: node
  linkType: hard

"yarn@npm:^1.22.19":
  version: 1.22.19
  resolution: "yarn@npm:1.22.19"
  bin:
    yarn: bin/yarn.js
    yarnpkg: bin/yarn.js
  checksum: b43d2cc5fee7e933beb12a8aee7dfceca9e9ef2dd17c5d04d15a12ab7bec5f5744ea34a07b86e013da7f291a18c4e1ad8f70e150f5ed2f4666e6723c7f0a8452
  languageName: node
  linkType: hard
